// !$*UTF8*$!
{
	archiveVersion = 1;
	classes = {
	};
	objectVersion = 50;
	objects = {

/* Begin PBXBuildFile section */
		111A2C3221B8857700737AD1 /* GoogleService-Info.plist in Resources */ = {isa = PBXBuildFile; fileRef = 111A2C3121B8857700737AD1 /* GoogleService-Info.plist */; };
		113D018921B8829900C27126 /* AppDelegate.swift in Sources */ = {isa = PBXBuildFile; fileRef = 113D018821B8829900C27126 /* AppDelegate.swift */; };
		113D018B21B8829900C27126 /* welcomeViewController.swift in Sources */ = {isa = PBXBuildFile; fileRef = 113D018A21B8829900C27126 /* welcomeViewController.swift */; };
		113D018E21B8829900C27126 /* Main.storyboard in Resources */ = {isa = PBXBuildFile; fileRef = 113D018C21B8829900C27126 /* Main.storyboard */; };
		113D019121B8829900C27126 /* GroupChatApp_690.xcdatamodeld in Sources */ = {isa = PBXBuildFile; fileRef = 113D018F21B8829900C27126 /* GroupChatApp_690.xcdatamodeld */; };
		113D019321B8829B00C27126 /* Assets.xcassets in Resources */ = {isa = PBXBuildFile; fileRef = 113D019221B8829B00C27126 /* Assets.xcassets */; };
		113D019621B8829B00C27126 /* LaunchScreen.storyboard in Resources */ = {isa = PBXBuildFile; fileRef = 113D019421B8829B00C27126 /* LaunchScreen.storyboard */; };
		113D01A121B8829B00C27126 /* GroupChatApp_690Tests.swift in Sources */ = {isa = PBXBuildFile; fileRef = 113D01A021B8829B00C27126 /* GroupChatApp_690Tests.swift */; };
		113D01AC21B8829B00C27126 /* GroupChatApp_690UITests.swift in Sources */ = {isa = PBXBuildFile; fileRef = 113D01AB21B8829B00C27126 /* GroupChatApp_690UITests.swift */; };
		11F54A5321B89A3600B14E68 /* roomsViewController.swift in Sources */ = {isa = PBXBuildFile; fileRef = 11F54A5221B89A3600B14E68 /* roomsViewController.swift */; };
		11F54A5521B89D3500B14E68 /* newRoomViewController.swift in Sources */ = {isa = PBXBuildFile; fileRef = 11F54A5421B89D3500B14E68 /* newRoomViewController.swift */; };
		11F54A5721B89D7100B14E68 /* ChatViewController.swift in Sources */ = {isa = PBXBuildFile; fileRef = 11F54A5621B89D7100B14E68 /* ChatViewController.swift */; };
		11F54A5921B8A1B000B14E68 /* Message.swift in Sources */ = {isa = PBXBuildFile; fileRef = 11F54A5821B8A1B000B14E68 /* Message.swift */; };
		11F54A5B21B8A1C700B14E68 /* Room.swift in Sources */ = {isa = PBXBuildFile; fileRef = 11F54A5A21B8A1C700B14E68 /* Room.swift */; };
		11F54A5D21B8A1DC00B14E68 /* User.swift in Sources */ = {isa = PBXBuildFile; fileRef = 11F54A5C21B8A1DC00B14E68 /* User.swift */; };
		11F54A5F21B8BC8F00B14E68 /* displayNameViewController.swift in Sources */ = {isa = PBXBuildFile; fileRef = 11F54A5E21B8BC8F00B14E68 /* displayNameViewController.swift */; };
		180EA5EF93F99E90CCD9A267 /* Pods_GroupChatApp_690Tests.framework in Frameworks */ = {isa = PBXBuildFile; fileRef = 94A8867A830F08811805A945 /* Pods_GroupChatApp_690Tests.framework */; };
		607FD8967DC0756A397046A6 /* Pods_GroupChatApp_690.framework in Frameworks */ = {isa = PBXBuildFile; fileRef = D481FA1851C72102BD54DC28 /* Pods_GroupChatApp_690.framework */; };
		C3403FD7678B3BA331A25ACA /* Pods_GroupChatApp_690UITests.framework in Frameworks */ = {isa = PBXBuildFile; fileRef = 55C3711A0F85611BCCB7F726 /* Pods_GroupChatApp_690UITests.framework */; };
/* End PBXBuildFile section */

/* Begin PBXContainerItemProxy section */
		113D019D21B8829B00C27126 /* PBXContainerItemProxy */ = {
			isa = PBXContainerItemProxy;
			containerPortal = 113D017D21B8829900C27126 /* Project object */;
			proxyType = 1;
			remoteGlobalIDString = 113D018421B8829900C27126;
			remoteInfo = GroupChatApp_690;
		};
		113D01A821B8829B00C27126 /* PBXContainerItemProxy */ = {
			isa = PBXContainerItemProxy;
			containerPortal = 113D017D21B8829900C27126 /* Project object */;
			proxyType = 1;
			remoteGlobalIDString = 113D018421B8829900C27126;
			remoteInfo = GroupChatApp_690;
		};
/* End PBXContainerItemProxy section */

/* Begin PBXFileReference section */
		111A2C3121B8857700737AD1 /* GoogleService-Info.plist */ = {isa = PBXFileReference; fileEncoding = 4; lastKnownFileType = text.plist.xml; name = "GoogleService-Info.plist"; path = "../../../GoogleService-Info.plist"; sourceTree = "<group>"; };
		113D018521B8829900C27126 /* GroupChatApp_690.app */ = {isa = PBXFileReference; explicitFileType = wrapper.application; includeInIndex = 0; path = GroupChatApp_690.app; sourceTree = BUILT_PRODUCTS_DIR; };
		113D018821B8829900C27126 /* AppDelegate.swift */ = {isa = PBXFileReference; lastKnownFileType = sourcecode.swift; path = AppDelegate.swift; sourceTree = "<group>"; };
		113D018A21B8829900C27126 /* welcomeViewController.swift */ = {isa = PBXFileReference; lastKnownFileType = sourcecode.swift; path = welcomeViewController.swift; sourceTree = "<group>"; };
		113D018D21B8829900C27126 /* Base */ = {isa = PBXFileReference; lastKnownFileType = file.storyboard; name = Base; path = Base.lproj/Main.storyboard; sourceTree = "<group>"; };
		113D019021B8829900C27126 /* GroupChatApp_690.xcdatamodel */ = {isa = PBXFileReference; lastKnownFileType = wrapper.xcdatamodel; path = GroupChatApp_690.xcdatamodel; sourceTree = "<group>"; };
		113D019221B8829B00C27126 /* Assets.xcassets */ = {isa = PBXFileReference; lastKnownFileType = folder.assetcatalog; path = Assets.xcassets; sourceTree = "<group>"; };
		113D019521B8829B00C27126 /* Base */ = {isa = PBXFileReference; lastKnownFileType = file.storyboard; name = Base; path = Base.lproj/LaunchScreen.storyboard; sourceTree = "<group>"; };
		113D019721B8829B00C27126 /* Info.plist */ = {isa = PBXFileReference; lastKnownFileType = text.plist.xml; path = Info.plist; sourceTree = "<group>"; };
		113D019C21B8829B00C27126 /* GroupChatApp_690Tests.xctest */ = {isa = PBXFileReference; explicitFileType = wrapper.cfbundle; includeInIndex = 0; path = GroupChatApp_690Tests.xctest; sourceTree = BUILT_PRODUCTS_DIR; };
		113D01A021B8829B00C27126 /* GroupChatApp_690Tests.swift */ = {isa = PBXFileReference; lastKnownFileType = sourcecode.swift; path = GroupChatApp_690Tests.swift; sourceTree = "<group>"; };
		113D01A221B8829B00C27126 /* Info.plist */ = {isa = PBXFileReference; lastKnownFileType = text.plist.xml; path = Info.plist; sourceTree = "<group>"; };
		113D01A721B8829B00C27126 /* GroupChatApp_690UITests.xctest */ = {isa = PBXFileReference; explicitFileType = wrapper.cfbundle; includeInIndex = 0; path = GroupChatApp_690UITests.xctest; sourceTree = BUILT_PRODUCTS_DIR; };
		113D01AB21B8829B00C27126 /* GroupChatApp_690UITests.swift */ = {isa = PBXFileReference; lastKnownFileType = sourcecode.swift; path = GroupChatApp_690UITests.swift; sourceTree = "<group>"; };
		113D01AD21B8829B00C27126 /* Info.plist */ = {isa = PBXFileReference; lastKnownFileType = text.plist.xml; path = Info.plist; sourceTree = "<group>"; };
		11F54A5221B89A3600B14E68 /* roomsViewController.swift */ = {isa = PBXFileReference; lastKnownFileType = sourcecode.swift; path = roomsViewController.swift; sourceTree = "<group>"; };
		11F54A5421B89D3500B14E68 /* newRoomViewController.swift */ = {isa = PBXFileReference; lastKnownFileType = sourcecode.swift; path = newRoomViewController.swift; sourceTree = "<group>"; };
		11F54A5621B89D7100B14E68 /* ChatViewController.swift */ = {isa = PBXFileReference; lastKnownFileType = sourcecode.swift; path = ChatViewController.swift; sourceTree = "<group>"; };
		11F54A5821B8A1B000B14E68 /* Message.swift */ = {isa = PBXFileReference; lastKnownFileType = sourcecode.swift; path = Message.swift; sourceTree = "<group>"; };
		11F54A5A21B8A1C700B14E68 /* Room.swift */ = {isa = PBXFileReference; lastKnownFileType = sourcecode.swift; path = Room.swift; sourceTree = "<group>"; };
		11F54A5C21B8A1DC00B14E68 /* User.swift */ = {isa = PBXFileReference; lastKnownFileType = sourcecode.swift; path = User.swift; sourceTree = "<group>"; };
		11F54A5E21B8BC8F00B14E68 /* displayNameViewController.swift */ = {isa = PBXFileReference; lastKnownFileType = sourcecode.swift; path = displayNameViewController.swift; sourceTree = "<group>"; };
		2B9D833A0027961759873C33 /* Pods-GroupChatApp_690Tests.release.xcconfig */ = {isa = PBXFileReference; includeInIndex = 1; lastKnownFileType = text.xcconfig; name = "Pods-GroupChatApp_690Tests.release.xcconfig"; path = "Pods/Target Support Files/Pods-GroupChatApp_690Tests/Pods-GroupChatApp_690Tests.release.xcconfig"; sourceTree = "<group>"; };
		55C3711A0F85611BCCB7F726 /* Pods_GroupChatApp_690UITests.framework */ = {isa = PBXFileReference; explicitFileType = wrapper.framework; includeInIndex = 0; path = Pods_GroupChatApp_690UITests.framework; sourceTree = BUILT_PRODUCTS_DIR; };
		58FF3FD4047FADD281262393 /* Pods-GroupChatApp_690Tests.debug.xcconfig */ = {isa = PBXFileReference; includeInIndex = 1; lastKnownFileType = text.xcconfig; name = "Pods-GroupChatApp_690Tests.debug.xcconfig"; path = "Pods/Target Support Files/Pods-GroupChatApp_690Tests/Pods-GroupChatApp_690Tests.debug.xcconfig"; sourceTree = "<group>"; };
		6C311AB67A21DCD653E4D660 /* Pods-GroupChatApp_690.release.xcconfig */ = {isa = PBXFileReference; includeInIndex = 1; lastKnownFileType = text.xcconfig; name = "Pods-GroupChatApp_690.release.xcconfig"; path = "Pods/Target Support Files/Pods-GroupChatApp_690/Pods-GroupChatApp_690.release.xcconfig"; sourceTree = "<group>"; };
		851813494AC27CC339862D47 /* Pods-GroupChatApp_690UITests.release.xcconfig */ = {isa = PBXFileReference; includeInIndex = 1; lastKnownFileType = text.xcconfig; name = "Pods-GroupChatApp_690UITests.release.xcconfig"; path = "Pods/Target Support Files/Pods-GroupChatApp_690UITests/Pods-GroupChatApp_690UITests.release.xcconfig"; sourceTree = "<group>"; };
		94A8867A830F08811805A945 /* Pods_GroupChatApp_690Tests.framework */ = {isa = PBXFileReference; explicitFileType = wrapper.framework; includeInIndex = 0; path = Pods_GroupChatApp_690Tests.framework; sourceTree = BUILT_PRODUCTS_DIR; };
		D3FDBF980BD9A1C2425F072B /* Pods-GroupChatApp_690.debug.xcconfig */ = {isa = PBXFileReference; includeInIndex = 1; lastKnownFileType = text.xcconfig; name = "Pods-GroupChatApp_690.debug.xcconfig"; path = "Pods/Target Support Files/Pods-GroupChatApp_690/Pods-GroupChatApp_690.debug.xcconfig"; sourceTree = "<group>"; };
		D481FA1851C72102BD54DC28 /* Pods_GroupChatApp_690.framework */ = {isa = PBXFileReference; explicitFileType = wrapper.framework; includeInIndex = 0; path = Pods_GroupChatApp_690.framework; sourceTree = BUILT_PRODUCTS_DIR; };
		F97A4AC09CB3DBAEA023C520 /* Pods-GroupChatApp_690UITests.debug.xcconfig */ = {isa = PBXFileReference; includeInIndex = 1; lastKnownFileType = text.xcconfig; name = "Pods-GroupChatApp_690UITests.debug.xcconfig"; path = "Pods/Target Support Files/Pods-GroupChatApp_690UITests/Pods-GroupChatApp_690UITests.debug.xcconfig"; sourceTree = "<group>"; };
/* End PBXFileReference section */

/* Begin PBXFrameworksBuildPhase section */
		113D018221B8829900C27126 /* Frameworks */ = {
			isa = PBXFrameworksBuildPhase;
			buildActionMask = 2147483647;
			files = (
				607FD8967DC0756A397046A6 /* Pods_GroupChatApp_690.framework in Frameworks */,
			);
			runOnlyForDeploymentPostprocessing = 0;
		};
		113D019921B8829B00C27126 /* Frameworks */ = {
			isa = PBXFrameworksBuildPhase;
			buildActionMask = 2147483647;
			files = (
				180EA5EF93F99E90CCD9A267 /* Pods_GroupChatApp_690Tests.framework in Frameworks */,
			);
			runOnlyForDeploymentPostprocessing = 0;
		};
		113D01A421B8829B00C27126 /* Frameworks */ = {
			isa = PBXFrameworksBuildPhase;
			buildActionMask = 2147483647;
			files = (
				C3403FD7678B3BA331A25ACA /* Pods_GroupChatApp_690UITests.framework in Frameworks */,
			);
			runOnlyForDeploymentPostprocessing = 0;
		};
/* End PBXFrameworksBuildPhase section */

/* Begin PBXGroup section */
		113D017C21B8829900C27126 = {
			isa = PBXGroup;
			children = (
				113D018721B8829900C27126 /* GroupChatApp_690 */,
				113D019F21B8829B00C27126 /* GroupChatApp_690Tests */,
				113D01AA21B8829B00C27126 /* GroupChatApp_690UITests */,
				113D018621B8829900C27126 /* Products */,
				61DFD29CADFA9A8AB1F5565C /* Pods */,
				AFFAF09B9C6C47FDB40D1543 /* Frameworks */,
			);
			sourceTree = "<group>";
		};
		113D018621B8829900C27126 /* Products */ = {
			isa = PBXGroup;
			children = (
				113D018521B8829900C27126 /* GroupChatApp_690.app */,
				113D019C21B8829B00C27126 /* GroupChatApp_690Tests.xctest */,
				113D01A721B8829B00C27126 /* GroupChatApp_690UITests.xctest */,
			);
			name = Products;
			sourceTree = "<group>";
		};
		113D018721B8829900C27126 /* GroupChatApp_690 */ = {
			isa = PBXGroup;
			children = (
				113D018821B8829900C27126 /* AppDelegate.swift */,
				11F54A5621B89D7100B14E68 /* ChatViewController.swift */,
				113D018A21B8829900C27126 /* welcomeViewController.swift */,
				11F54A5221B89A3600B14E68 /* roomsViewController.swift */,
				11F54A5421B89D3500B14E68 /* newRoomViewController.swift */,
				11F54A5E21B8BC8F00B14E68 /* displayNameViewController.swift */,
				113D018C21B8829900C27126 /* Main.storyboard */,
				113D019221B8829B00C27126 /* Assets.xcassets */,
				113D019421B8829B00C27126 /* LaunchScreen.storyboard */,
				113D019721B8829B00C27126 /* Info.plist */,
				113D018F21B8829900C27126 /* GroupChatApp_690.xcdatamodeld */,
				11F54A5821B8A1B000B14E68 /* Message.swift */,
				11F54A5A21B8A1C700B14E68 /* Room.swift */,
				11F54A5C21B8A1DC00B14E68 /* User.swift */,
				111A2C3121B8857700737AD1 /* GoogleService-Info.plist */,
			);
			path = GroupChatApp_690;
			sourceTree = "<group>";
		};
		113D019F21B8829B00C27126 /* GroupChatApp_690Tests */ = {
			isa = PBXGroup;
			children = (
				113D01A021B8829B00C27126 /* GroupChatApp_690Tests.swift */,
				113D01A221B8829B00C27126 /* Info.plist */,
			);
			path = GroupChatApp_690Tests;
			sourceTree = "<group>";
		};
		113D01AA21B8829B00C27126 /* GroupChatApp_690UITests */ = {
			isa = PBXGroup;
			children = (
				113D01AB21B8829B00C27126 /* GroupChatApp_690UITests.swift */,
				113D01AD21B8829B00C27126 /* Info.plist */,
			);
			path = GroupChatApp_690UITests;
			sourceTree = "<group>";
		};
		61DFD29CADFA9A8AB1F5565C /* Pods */ = {
			isa = PBXGroup;
			children = (
				D3FDBF980BD9A1C2425F072B /* Pods-GroupChatApp_690.debug.xcconfig */,
				6C311AB67A21DCD653E4D660 /* Pods-GroupChatApp_690.release.xcconfig */,
				58FF3FD4047FADD281262393 /* Pods-GroupChatApp_690Tests.debug.xcconfig */,
				2B9D833A0027961759873C33 /* Pods-GroupChatApp_690Tests.release.xcconfig */,
				F97A4AC09CB3DBAEA023C520 /* Pods-GroupChatApp_690UITests.debug.xcconfig */,
				851813494AC27CC339862D47 /* Pods-GroupChatApp_690UITests.release.xcconfig */,
			);
			name = Pods;
			sourceTree = "<group>";
		};
		AFFAF09B9C6C47FDB40D1543 /* Frameworks */ = {
			isa = PBXGroup;
			children = (
				D481FA1851C72102BD54DC28 /* Pods_GroupChatApp_690.framework */,
				94A8867A830F08811805A945 /* Pods_GroupChatApp_690Tests.framework */,
				55C3711A0F85611BCCB7F726 /* Pods_GroupChatApp_690UITests.framework */,
			);
			name = Frameworks;
			sourceTree = "<group>";
		};
/* End PBXGroup section */

/* Begin PBXNativeTarget section */
		113D018421B8829900C27126 /* GroupChatApp_690 */ = {
			isa = PBXNativeTarget;
			buildConfigurationList = 113D01B021B8829B00C27126 /* Build configuration list for PBXNativeTarget "GroupChatApp_690" */;
			buildPhases = (
				5499F76229C320D6F6D31AB0 /* [CP] Check Pods Manifest.lock */,
				113D018121B8829900C27126 /* Sources */,
				113D018221B8829900C27126 /* Frameworks */,
				113D018321B8829900C27126 /* Resources */,
				89680E1BDFD86CA70C83BF90 /* [CP] Embed Pods Frameworks */,
				C7E975843B75E88F58DD1F0B /* [CP] Copy Pods Resources */,
			);
			buildRules = (
			);
			dependencies = (
			);
			name = GroupChatApp_690;
			productName = GroupChatApp_690;
			productReference = 113D018521B8829900C27126 /* GroupChatApp_690.app */;
			productType = "com.apple.product-type.application";
		};
		113D019B21B8829B00C27126 /* GroupChatApp_690Tests */ = {
			isa = PBXNativeTarget;
			buildConfigurationList = 113D01B321B8829B00C27126 /* Build configuration list for PBXNativeTarget "GroupChatApp_690Tests" */;
			buildPhases = (
				E07F00007B20DE43A43891DA /* [CP] Check Pods Manifest.lock */,
				113D019821B8829B00C27126 /* Sources */,
				113D019921B8829B00C27126 /* Frameworks */,
				113D019A21B8829B00C27126 /* Resources */,
			);
			buildRules = (
			);
			dependencies = (
				113D019E21B8829B00C27126 /* PBXTargetDependency */,
			);
			name = GroupChatApp_690Tests;
			productName = GroupChatApp_690Tests;
			productReference = 113D019C21B8829B00C27126 /* GroupChatApp_690Tests.xctest */;
			productType = "com.apple.product-type.bundle.unit-test";
		};
		113D01A621B8829B00C27126 /* GroupChatApp_690UITests */ = {
			isa = PBXNativeTarget;
			buildConfigurationList = 113D01B621B8829B00C27126 /* Build configuration list for PBXNativeTarget "GroupChatApp_690UITests" */;
			buildPhases = (
				92B44EA11B1B0D1C67C24898 /* [CP] Check Pods Manifest.lock */,
				113D01A321B8829B00C27126 /* Sources */,
				113D01A421B8829B00C27126 /* Frameworks */,
				113D01A521B8829B00C27126 /* Resources */,
			);
			buildRules = (
			);
			dependencies = (
				113D01A921B8829B00C27126 /* PBXTargetDependency */,
			);
			name = GroupChatApp_690UITests;
			productName = GroupChatApp_690UITests;
			productReference = 113D01A721B8829B00C27126 /* GroupChatApp_690UITests.xctest */;
			productType = "com.apple.product-type.bundle.ui-testing";
		};
/* End PBXNativeTarget section */

/* Begin PBXProject section */
		113D017D21B8829900C27126 /* Project object */ = {
			isa = PBXProject;
			attributes = {
				LastSwiftUpdateCheck = 1010;
				LastUpgradeCheck = 1010;
				ORGANIZATIONNAME = "Arman Husic";
				TargetAttributes = {
					113D018421B8829900C27126 = {
						CreatedOnToolsVersion = 10.1;
					};
					113D019B21B8829B00C27126 = {
						CreatedOnToolsVersion = 10.1;
						TestTargetID = 113D018421B8829900C27126;
					};
					113D01A621B8829B00C27126 = {
						CreatedOnToolsVersion = 10.1;
						TestTargetID = 113D018421B8829900C27126;
					};
				};
			};
			buildConfigurationList = 113D018021B8829900C27126 /* Build configuration list for PBXProject "GroupChatApp_690" */;
			compatibilityVersion = "Xcode 9.3";
			developmentRegion = en;
			hasScannedForEncodings = 0;
			knownRegions = (
				en,
				Base,
			);
			mainGroup = 113D017C21B8829900C27126;
			productRefGroup = 113D018621B8829900C27126 /* Products */;
			projectDirPath = "";
			projectRoot = "";
			targets = (
				113D018421B8829900C27126 /* GroupChatApp_690 */,
				113D019B21B8829B00C27126 /* GroupChatApp_690Tests */,
				113D01A621B8829B00C27126 /* GroupChatApp_690UITests */,
			);
		};
/* End PBXProject section */

/* Begin PBXResourcesBuildPhase section */
		113D018321B8829900C27126 /* Resources */ = {
			isa = PBXResourcesBuildPhase;
			buildActionMask = 2147483647;
			files = (
				113D019621B8829B00C27126 /* LaunchScreen.storyboard in Resources */,
				111A2C3221B8857700737AD1 /* GoogleService-Info.plist in Resources */,
				113D019321B8829B00C27126 /* Assets.xcassets in Resources */,
				113D018E21B8829900C27126 /* Main.storyboard in Resources */,
			);
			runOnlyForDeploymentPostprocessing = 0;
		};
		113D019A21B8829B00C27126 /* Resources */ = {
			isa = PBXResourcesBuildPhase;
			buildActionMask = 2147483647;
			files = (
			);
			runOnlyForDeploymentPostprocessing = 0;
		};
		113D01A521B8829B00C27126 /* Resources */ = {
			isa = PBXResourcesBuildPhase;
			buildActionMask = 2147483647;
			files = (
			);
			runOnlyForDeploymentPostprocessing = 0;
		};
/* End PBXResourcesBuildPhase section */

/* Begin PBXShellScriptBuildPhase section */
		5499F76229C320D6F6D31AB0 /* [CP] Check Pods Manifest.lock */ = {
			isa = PBXShellScriptBuildPhase;
			buildActionMask = 2147483647;
			files = (
			);
			inputFileListPaths = (
			);
			inputPaths = (
				"${PODS_PODFILE_DIR_PATH}/Podfile.lock",
				"${PODS_ROOT}/Manifest.lock",
			);
			name = "[CP] Check Pods Manifest.lock";
			outputFileListPaths = (
			);
			outputPaths = (
				"$(DERIVED_FILE_DIR)/Pods-GroupChatApp_690-checkManifestLockResult.txt",
			);
			runOnlyForDeploymentPostprocessing = 0;
			shellPath = /bin/sh;
			shellScript = "diff \"${PODS_PODFILE_DIR_PATH}/Podfile.lock\" \"${PODS_ROOT}/Manifest.lock\" > /dev/null\nif [ $? != 0 ] ; then\n    # print error to STDERR\n    echo \"error: The sandbox is not in sync with the Podfile.lock. Run 'pod install' or update your CocoaPods installation.\" >&2\n    exit 1\nfi\n# This output is used by Xcode 'outputs' to avoid re-running this script phase.\necho \"SUCCESS\" > \"${SCRIPT_OUTPUT_FILE_0}\"\n";
			showEnvVarsInLog = 0;
		};
		89680E1BDFD86CA70C83BF90 /* [CP] Embed Pods Frameworks */ = {
			isa = PBXShellScriptBuildPhase;
			buildActionMask = 2147483647;
			files = (
			);
			inputFileListPaths = (
			);
			inputPaths = (
				"${SRCROOT}/Pods/Target Support Files/Pods-GroupChatApp_690/Pods-GroupChatApp_690-frameworks.sh",
				"${BUILT_PRODUCTS_DIR}/GTMOAuth2/GTMOAuth2.framework",
				"${BUILT_PRODUCTS_DIR}/GTMSessionFetcher/GTMSessionFetcher.framework",
				"${BUILT_PRODUCTS_DIR}/GoogleToolboxForMac/GoogleToolboxForMac.framework",
				"${BUILT_PRODUCTS_DIR}/GoogleUtilities/GoogleUtilities.framework",
				"${BUILT_PRODUCTS_DIR}/JSQMessagesViewController/JSQMessagesViewController.framework",
				"${BUILT_PRODUCTS_DIR}/JSQSystemSoundPlayer/JSQSystemSoundPlayer.framework",
				"${BUILT_PRODUCTS_DIR}/leveldb-library/leveldb.framework",
				"${BUILT_PRODUCTS_DIR}/nanopb/nanopb.framework",
			);
			name = "[CP] Embed Pods Frameworks";
			outputFileListPaths = (
			);
			outputPaths = (
				"${TARGET_BUILD_DIR}/${FRAMEWORKS_FOLDER_PATH}/GTMOAuth2.framework",
				"${TARGET_BUILD_DIR}/${FRAMEWORKS_FOLDER_PATH}/GTMSessionFetcher.framework",
				"${TARGET_BUILD_DIR}/${FRAMEWORKS_FOLDER_PATH}/GoogleToolboxForMac.framework",
				"${TARGET_BUILD_DIR}/${FRAMEWORKS_FOLDER_PATH}/GoogleUtilities.framework",
				"${TARGET_BUILD_DIR}/${FRAMEWORKS_FOLDER_PATH}/JSQMessagesViewController.framework",
				"${TARGET_BUILD_DIR}/${FRAMEWORKS_FOLDER_PATH}/JSQSystemSoundPlayer.framework",
				"${TARGET_BUILD_DIR}/${FRAMEWORKS_FOLDER_PATH}/leveldb.framework",
				"${TARGET_BUILD_DIR}/${FRAMEWORKS_FOLDER_PATH}/nanopb.framework",
			);
			runOnlyForDeploymentPostprocessing = 0;
			shellPath = /bin/sh;
			shellScript = "\"${SRCROOT}/Pods/Target Support Files/Pods-GroupChatApp_690/Pods-GroupChatApp_690-frameworks.sh\"\n";
			showEnvVarsInLog = 0;
		};
		92B44EA11B1B0D1C67C24898 /* [CP] Check Pods Manifest.lock */ = {
			isa = PBXShellScriptBuildPhase;
			buildActionMask = 2147483647;
			files = (
			);
			inputFileListPaths = (
			);
			inputPaths = (
				"${PODS_PODFILE_DIR_PATH}/Podfile.lock",
				"${PODS_ROOT}/Manifest.lock",
			);
			name = "[CP] Check Pods Manifest.lock";
			outputFileListPaths = (
			);
			outputPaths = (
				"$(DERIVED_FILE_DIR)/Pods-GroupChatApp_690UITests-checkManifestLockResult.txt",
			);
			runOnlyForDeploymentPostprocessing = 0;
			shellPath = /bin/sh;
			shellScript = "diff \"${PODS_PODFILE_DIR_PATH}/Podfile.lock\" \"${PODS_ROOT}/Manifest.lock\" > /dev/null\nif [ $? != 0 ] ; then\n    # print error to STDERR\n    echo \"error: The sandbox is not in sync with the Podfile.lock. Run 'pod install' or update your CocoaPods installation.\" >&2\n    exit 1\nfi\n# This output is used by Xcode 'outputs' to avoid re-running this script phase.\necho \"SUCCESS\" > \"${SCRIPT_OUTPUT_FILE_0}\"\n";
			showEnvVarsInLog = 0;
		};
		C7E975843B75E88F58DD1F0B /* [CP] Copy Pods Resources */ = {
			isa = PBXShellScriptBuildPhase;
			buildActionMask = 2147483647;
			files = (
			);
			inputFileListPaths = (
			);
			inputPaths = (
				"${SRCROOT}/Pods/Target Support Files/Pods-GroupChatApp_690/Pods-GroupChatApp_690-resources.sh",
				"${PODS_ROOT}/GoogleSignIn/Resources/GoogleSignIn.bundle",
			);
			name = "[CP] Copy Pods Resources";
			outputFileListPaths = (
			);
			outputPaths = (
				"${TARGET_BUILD_DIR}/${UNLOCALIZED_RESOURCES_FOLDER_PATH}/GoogleSignIn.bundle",
			);
			runOnlyForDeploymentPostprocessing = 0;
			shellPath = /bin/sh;
			shellScript = "\"${SRCROOT}/Pods/Target Support Files/Pods-GroupChatApp_690/Pods-GroupChatApp_690-resources.sh\"\n";
			showEnvVarsInLog = 0;
		};
		E07F00007B20DE43A43891DA /* [CP] Check Pods Manifest.lock */ = {
			isa = PBXShellScriptBuildPhase;
			buildActionMask = 2147483647;
			files = (
			);
			inputFileListPaths = (
			);
			inputPaths = (
				"${PODS_PODFILE_DIR_PATH}/Podfile.lock",
				"${PODS_ROOT}/Manifest.lock",
			);
			name = "[CP] Check Pods Manifest.lock";
			outputFileListPaths = (
			);
			outputPaths = (
				"$(DERIVED_FILE_DIR)/Pods-GroupChatApp_690Tests-checkManifestLockResult.txt",
			);
			runOnlyForDeploymentPostprocessing = 0;
			shellPath = /bin/sh;
			shellScript = "diff \"${PODS_PODFILE_DIR_PATH}/Podfile.lock\" \"${PODS_ROOT}/Manifest.lock\" > /dev/null\nif [ $? != 0 ] ; then\n    # print error to STDERR\n    echo \"error: The sandbox is not in sync with the Podfile.lock. Run 'pod install' or update your CocoaPods installation.\" >&2\n    exit 1\nfi\n# This output is used by Xcode 'outputs' to avoid re-running this script phase.\necho \"SUCCESS\" > \"${SCRIPT_OUTPUT_FILE_0}\"\n";
			showEnvVarsInLog = 0;
		};
/* End PBXShellScriptBuildPhase section */

/* Begin PBXSourcesBuildPhase section */
		113D018121B8829900C27126 /* Sources */ = {
			isa = PBXSourcesBuildPhase;
			buildActionMask = 2147483647;
			files = (
				113D019121B8829900C27126 /* GroupChatApp_690.xcdatamodeld in Sources */,
				11F54A5521B89D3500B14E68 /* newRoomViewController.swift in Sources */,
				11F54A5B21B8A1C700B14E68 /* Room.swift in Sources */,
				113D018B21B8829900C27126 /* welcomeViewController.swift in Sources */,
				113D018921B8829900C27126 /* AppDelegate.swift in Sources */,
				11F54A5D21B8A1DC00B14E68 /* User.swift in Sources */,
				11F54A5721B89D7100B14E68 /* ChatViewController.swift in Sources */,
				11F54A5321B89A3600B14E68 /* roomsViewController.swift in Sources */,
				11F54A5F21B8BC8F00B14E68 /* displayNameViewController.swift in Sources */,
				11F54A5921B8A1B000B14E68 /* Message.swift in Sources */,
			);
			runOnlyForDeploymentPostprocessing = 0;
		};
		113D019821B8829B00C27126 /* Sources */ = {
			isa = PBXSourcesBuildPhase;
			buildActionMask = 2147483647;
			files = (
				113D01A121B8829B00C27126 /* GroupChatApp_690Tests.swift in Sources */,
			);
			runOnlyForDeploymentPostprocessing = 0;
		};
		113D01A321B8829B00C27126 /* Sources */ = {
			isa = PBXSourcesBuildPhase;
			buildActionMask = 2147483647;
			files = (
				113D01AC21B8829B00C27126 /* GroupChatApp_690UITests.swift in Sources */,
			);
			runOnlyForDeploymentPostprocessing = 0;
		};
/* End PBXSourcesBuildPhase section */

/* Begin PBXTargetDependency section */
		113D019E21B8829B00C27126 /* PBXTargetDependency */ = {
			isa = PBXTargetDependency;
			target = 113D018421B8829900C27126 /* GroupChatApp_690 */;
			targetProxy = 113D019D21B8829B00C27126 /* PBXContainerItemProxy */;
		};
		113D01A921B8829B00C27126 /* PBXTargetDependency */ = {
			isa = PBXTargetDependency;
			target = 113D018421B8829900C27126 /* GroupChatApp_690 */;
			targetProxy = 113D01A821B8829B00C27126 /* PBXContainerItemProxy */;
		};
/* End PBXTargetDependency section */

/* Begin PBXVariantGroup section */
		113D018C21B8829900C27126 /* Main.storyboard */ = {
			isa = PBXVariantGroup;
			children = (
				113D018D21B8829900C27126 /* Base */,
			);
			name = Main.storyboard;
			sourceTree = "<group>";
		};
		113D019421B8829B00C27126 /* LaunchScreen.storyboard */ = {
			isa = PBXVariantGroup;
			children = (
				113D019521B8829B00C27126 /* Base */,
			);
			name = LaunchScreen.storyboard;
			sourceTree = "<group>";
		};
/* End PBXVariantGroup section */

/* Begin XCBuildConfiguration section */
		113D01AE21B8829B00C27126 /* Debug */ = {
			isa = XCBuildConfiguration;
			buildSettings = {
				ALWAYS_SEARCH_USER_PATHS = NO;
				CLANG_ANALYZER_NONNULL = YES;
				CLANG_ANALYZER_NUMBER_OBJECT_CONVERSION = YES_AGGRESSIVE;
				CLANG_CXX_LANGUAGE_STANDARD = "gnu++14";
				CLANG_CXX_LIBRARY = "libc++";
				CLANG_ENABLE_MODULES = YES;
				CLANG_ENABLE_OBJC_ARC = YES;
				CLANG_ENABLE_OBJC_WEAK = YES;
				CLANG_WARN_BLOCK_CAPTURE_AUTORELEASING = YES;
				CLANG_WARN_BOOL_CONVERSION = YES;
				CLANG_WARN_COMMA = YES;
				CLANG_WARN_CONSTANT_CONVERSION = YES;
				CLANG_WARN_DEPRECATED_OBJC_IMPLEMENTATIONS = YES;
				CLANG_WARN_DIRECT_OBJC_ISA_USAGE = YES_ERROR;
				CLANG_WARN_DOCUMENTATION_COMMENTS = YES;
				CLANG_WARN_EMPTY_BODY = YES;
				CLANG_WARN_ENUM_CONVERSION = YES;
				CLANG_WARN_INFINITE_RECURSION = YES;
				CLANG_WARN_INT_CONVERSION = YES;
				CLANG_WARN_NON_LITERAL_NULL_CONVERSION = YES;
				CLANG_WARN_OBJC_IMPLICIT_RETAIN_SELF = YES;
				CLANG_WARN_OBJC_LITERAL_CONVERSION = YES;
				CLANG_WARN_OBJC_ROOT_CLASS = YES_ERROR;
				CLANG_WARN_RANGE_LOOP_ANALYSIS = YES;
				CLANG_WARN_STRICT_PROTOTYPES = YES;
				CLANG_WARN_SUSPICIOUS_MOVE = YES;
				CLANG_WARN_UNGUARDED_AVAILABILITY = YES_AGGRESSIVE;
				CLANG_WARN_UNREACHABLE_CODE = YES;
				CLANG_WARN__DUPLICATE_METHOD_MATCH = YES;
				CODE_SIGN_IDENTITY = "iPhone Developer";
				COPY_PHASE_STRIP = NO;
				DEBUG_INFORMATION_FORMAT = dwarf;
				ENABLE_STRICT_OBJC_MSGSEND = YES;
				ENABLE_TESTABILITY = YES;
				GCC_C_LANGUAGE_STANDARD = gnu11;
				GCC_DYNAMIC_NO_PIC = NO;
				GCC_NO_COMMON_BLOCKS = YES;
				GCC_OPTIMIZATION_LEVEL = 0;
				GCC_PREPROCESSOR_DEFINITIONS = (
					"DEBUG=1",
					"$(inherited)",
				);
				GCC_WARN_64_TO_32_BIT_CONVERSION = YES;
				GCC_WARN_ABOUT_RETURN_TYPE = YES_ERROR;
				GCC_WARN_UNDECLARED_SELECTOR = YES;
				GCC_WARN_UNINITIALIZED_AUTOS = YES_AGGRESSIVE;
				GCC_WARN_UNUSED_FUNCTION = YES;
				GCC_WARN_UNUSED_VARIABLE = YES;
				IPHONEOS_DEPLOYMENT_TARGET = 12.1;
				MTL_ENABLE_DEBUG_INFO = INCLUDE_SOURCE;
				MTL_FAST_MATH = YES;
				ONLY_ACTIVE_ARCH = YES;
				SDKROOT = iphoneos;
				SWIFT_ACTIVE_COMPILATION_CONDITIONS = DEBUG;
				SWIFT_OPTIMIZATION_LEVEL = "-Onone";
			};
			name = Debug;
		};
		113D01AF21B8829B00C27126 /* Release */ = {
			isa = XCBuildConfiguration;
			buildSettings = {
				ALWAYS_SEARCH_USER_PATHS = NO;
				CLANG_ANALYZER_NONNULL = YES;
				CLANG_ANALYZER_NUMBER_OBJECT_CONVERSION = YES_AGGRESSIVE;
				CLANG_CXX_LANGUAGE_STANDARD = "gnu++14";
				CLANG_CXX_LIBRARY = "libc++";
				CLANG_ENABLE_MODULES = YES;
				CLANG_ENABLE_OBJC_ARC = YES;
				CLANG_ENABLE_OBJC_WEAK = YES;
				CLANG_WARN_BLOCK_CAPTURE_AUTORELEASING = YES;
				CLANG_WARN_BOOL_CONVERSION = YES;
				CLANG_WARN_COMMA = YES;
				CLANG_WARN_CONSTANT_CONVERSION = YES;
				CLANG_WARN_DEPRECATED_OBJC_IMPLEMENTATIONS = YES;
				CLANG_WARN_DIRECT_OBJC_ISA_USAGE = YES_ERROR;
				CLANG_WARN_DOCUMENTATION_COMMENTS = YES;
				CLANG_WARN_EMPTY_BODY = YES;
				CLANG_WARN_ENUM_CONVERSION = YES;
				CLANG_WARN_INFINITE_RECURSION = YES;
				CLANG_WARN_INT_CONVERSION = YES;
				CLANG_WARN_NON_LITERAL_NULL_CONVERSION = YES;
				CLANG_WARN_OBJC_IMPLICIT_RETAIN_SELF = YES;
				CLANG_WARN_OBJC_LITERAL_CONVERSION = YES;
				CLANG_WARN_OBJC_ROOT_CLASS = YES_ERROR;
				CLANG_WARN_RANGE_LOOP_ANALYSIS = YES;
				CLANG_WARN_STRICT_PROTOTYPES = YES;
				CLANG_WARN_SUSPICIOUS_MOVE = YES;
				CLANG_WARN_UNGUARDED_AVAILABILITY = YES_AGGRESSIVE;
				CLANG_WARN_UNREACHABLE_CODE = YES;
				CLANG_WARN__DUPLICATE_METHOD_MATCH = YES;
				CODE_SIGN_IDENTITY = "iPhone Developer";
				COPY_PHASE_STRIP = NO;
				DEBUG_INFORMATION_FORMAT = "dwarf-with-dsym";
				ENABLE_NS_ASSERTIONS = NO;
				ENABLE_STRICT_OBJC_MSGSEND = YES;
				GCC_C_LANGUAGE_STANDARD = gnu11;
				GCC_NO_COMMON_BLOCKS = YES;
				GCC_WARN_64_TO_32_BIT_CONVERSION = YES;
				GCC_WARN_ABOUT_RETURN_TYPE = YES_ERROR;
				GCC_WARN_UNDECLARED_SELECTOR = YES;
				GCC_WARN_UNINITIALIZED_AUTOS = YES_AGGRESSIVE;
				GCC_WARN_UNUSED_FUNCTION = YES;
				GCC_WARN_UNUSED_VARIABLE = YES;
				IPHONEOS_DEPLOYMENT_TARGET = 12.1;
				MTL_ENABLE_DEBUG_INFO = NO;
				MTL_FAST_MATH = YES;
				SDKROOT = iphoneos;
				SWIFT_COMPILATION_MODE = wholemodule;
				SWIFT_OPTIMIZATION_LEVEL = "-O";
				VALIDATE_PRODUCT = YES;
			};
			name = Release;
		};
		113D01B121B8829B00C27126 /* Debug */ = {
			isa = XCBuildConfiguration;
			baseConfigurationReference = D3FDBF980BD9A1C2425F072B /* Pods-GroupChatApp_690.debug.xcconfig */;
			buildSettings = {
				ASSETCATALOG_COMPILER_APPICON_NAME = AppIcon;
				CODE_SIGN_STYLE = Automatic;
				DEVELOPMENT_TEAM = 2DYJ6BS3VG;
				INFOPLIST_FILE = GroupChatApp_690/Info.plist;
				LD_RUNPATH_SEARCH_PATHS = (
					"$(inherited)",
					"@executable_path/Frameworks",
				);
				PRODUCT_BUNDLE_IDENTIFIER = "com.sfsuArmanHusic.GroupChatApp-690";
				PRODUCT_NAME = "$(TARGET_NAME)";
				SWIFT_VERSION = 4.2;
				TARGETED_DEVICE_FAMILY = "1,2";
			};
			name = Debug;
		};
		113D01B221B8829B00C27126 /* Release */ = {
			isa = XCBuildConfiguration;
			baseConfigurationReference = 6C311AB67A21DCD653E4D660 /* Pods-GroupChatApp_690.release.xcconfig */;
			buildSettings = {
				ASSETCATALOG_COMPILER_APPICON_NAME = AppIcon;
				CODE_SIGN_STYLE = Automatic;
				DEVELOPMENT_TEAM = 2DYJ6BS3VG;
				INFOPLIST_FILE = GroupChatApp_690/Info.plist;
				LD_RUNPATH_SEARCH_PATHS = (
					"$(inherited)",
					"@executable_path/Frameworks",
				);
				PRODUCT_BUNDLE_IDENTIFIER = "com.sfsuArmanHusic.GroupChatApp-690";
				PRODUCT_NAME = "$(TARGET_NAME)";
				SWIFT_VERSION = 4.2;
				TARGETED_DEVICE_FAMILY = "1,2";
			};
			name = Release;
		};
		113D01B421B8829B00C27126 /* Debug */ = {
			isa = XCBuildConfiguration;
			baseConfigurationReference = 58FF3FD4047FADD281262393 /* Pods-GroupChatApp_690Tests.debug.xcconfig */;
			buildSettings = {
				ALWAYS_EMBED_SWIFT_STANDARD_LIBRARIES = YES;
				BUNDLE_LOADER = "$(TEST_HOST)";
				CODE_SIGN_STYLE = Automatic;
				DEVELOPMENT_TEAM = 2DYJ6BS3VG;
				INFOPLIST_FILE = GroupChatApp_690Tests/Info.plist;
				LD_RUNPATH_SEARCH_PATHS = (
					"$(inherited)",
					"@executable_path/Frameworks",
					"@loader_path/Frameworks",
				);
				PRODUCT_BUNDLE_IDENTIFIER = "com.sfsuArmanHusic.GroupChatApp-690Tests";
				PRODUCT_NAME = "$(TARGET_NAME)";
				SWIFT_VERSION = 4.2;
				TARGETED_DEVICE_FAMILY = "1,2";
				TEST_HOST = "$(BUILT_PRODUCTS_DIR)/GroupChatApp_690.app/GroupChatApp_690";
			};
			name = Debug;
		};
		113D01B521B8829B00C27126 /* Release */ = {
			isa = XCBuildConfiguration;
			baseConfigurationReference = 2B9D833A0027961759873C33 /* Pods-GroupChatApp_690Tests.release.xcconfig */;
			buildSettings = {
				ALWAYS_EMBED_SWIFT_STANDARD_LIBRARIES = YES;
				BUNDLE_LOADER = "$(TEST_HOST)";
				CODE_SIGN_STYLE = Automatic;
				DEVELOPMENT_TEAM = 2DYJ6BS3VG;
				INFOPLIST_FILE = GroupChatApp_690Tests/Info.plist;
				LD_RUNPATH_SEARCH_PATHS = (
					"$(inherited)",
					"@executable_path/Frameworks",
					"@loader_path/Frameworks",
				);
				PRODUCT_BUNDLE_IDENTIFIER = "com.sfsuArmanHusic.GroupChatApp-690Tests";
				PRODUCT_NAME = "$(TARGET_NAME)";
				SWIFT_VERSION = 4.2;
				TARGETED_DEVICE_FAMILY = "1,2";
				TEST_HOST = "$(BUILT_PRODUCTS_DIR)/GroupChatApp_690.app/GroupChatApp_690";
			};
			name = Release;
		};
		113D01B721B8829B00C27126 /* Debug */ = {
			isa = XCBuildConfiguration;
			baseConfigurationReference = F97A4AC09CB3DBAEA023C520 /* Pods-GroupChatApp_690UITests.debug.xcconfig */;
			buildSettings = {
				ALWAYS_EMBED_SWIFT_STANDARD_LIBRARIES = YES;
				CODE_SIGN_STYLE = Automatic;
				DEVELOPMENT_TEAM = 2DYJ6BS3VG;
				INFOPLIST_FILE = GroupChatApp_690UITests/Info.plist;
				LD_RUNPATH_SEARCH_PATHS = (
					"$(inherited)",
					"@executable_path/Frameworks",
					"@loader_path/Frameworks",
				);
				PRODUCT_BUNDLE_IDENTIFIER = "com.sfsuArmanHusic.GroupChatApp-690UITests";
				PRODUCT_NAME = "$(TARGET_NAME)";
				SWIFT_VERSION = 4.2;
				TARGETED_DEVICE_FAMILY = "1,2";
				TEST_TARGET_NAME = GroupChatApp_690;
			};
			name = Debug;
		};
		113D01B821B8829B00C27126 /* Release */ = {
			isa = XCBuildConfiguration;
			baseConfigurationReference = 851813494AC27CC339862D47 /* Pods-GroupChatApp_690UITests.release.xcconfig */;
			buildSettings = {
				ALWAYS_EMBED_SWIFT_STANDARD_LIBRARIES = YES;
				CODE_SIGN_STYLE = Automatic;
				DEVELOPMENT_TEAM = 2DYJ6BS3VG;
				INFOPLIST_FILE = GroupChatApp_690UITests/Info.plist;
				LD_RUNPATH_SEARCH_PATHS = (
					"$(inherited)",
					"@executable_path/Frameworks",
					"@loader_path/Frameworks",
				);
				PRODUCT_BUNDLE_IDENTIFIER = "com.sfsuArmanHusic.GroupChatApp-690UITests";
				PRODUCT_NAME = "$(TARGET_NAME)";
				SWIFT_VERSION = 4.2;
				TARGETED_DEVICE_FAMILY = "1,2";
				TEST_TARGET_NAME = GroupChatApp_690;
			};
			name = Release;
		};
/* End XCBuildConfiguration section */

/* Begin XCConfigurationList section */
		113D018021B8829900C27126 /* Build configuration list for PBXProject "GroupChatApp_690" */ = {
			isa = XCConfigurationList;
			buildConfigurations = (
				113D01AE21B8829B00C27126 /* Debug */,
				113D01AF21B8829B00C27126 /* Release */,
			);
			defaultConfigurationIsVisible = 0;
			defaultConfigurationName = Release;
		};
		113D01B021B8829B00C27126 /* Build configuration list for PBXNativeTarget "GroupChatApp_690" */ = {
			isa = XCConfigurationList;
			buildConfigurations = (
				113D01B121B8829B00C27126 /* Debug */,
				113D01B221B8829B00C27126 /* Release */,
			);
			defaultConfigurationIsVisible = 0;
			defaultConfigurationName = Release;
		};
		113D01B321B8829B00C27126 /* Build configuration list for PBXNativeTarget "GroupChatApp_690Tests" */ = {
			isa = XCConfigurationList;
			buildConfigurations = (
				113D01B421B8829B00C27126 /* Debug */,
				113D01B521B8829B00C27126 /* Release */,
			);
			defaultConfigurationIsVisible = 0;
			defaultConfigurationName = Release;
		};
		113D01B621B8829B00C27126 /* Build configuration list for PBXNativeTarget "GroupChatApp_690UITests" */ = {
			isa = XCConfigurationList;
			buildConfigurations = (
				113D01B721B8829B00C27126 /* Debug */,
				113D01B821B8829B00C27126 /* Release */,
			);
			defaultConfigurationIsVisible = 0;
			defaultConfigurationName = Release;
		};
/* End XCConfigurationList section */

/* Begin XCVersionGroup section */
		113D018F21B8829900C27126 /* GroupChatApp_690.xcdatamodeld */ = {
			isa = XCVersionGroup;
			children = (
				113D019021B8829900C27126 /* GroupChatApp_690.xcdatamodel */,
			);
			currentVersion = 113D019021B8829900C27126 /* GroupChatApp_690.xcdatamodel */;
			path = GroupChatApp_690.xcdatamodeld;
			sourceTree = "<group>";
			versionGroupType = wrapper.xcdatamodel;
		};
/* End XCVersionGroup section */
	};
	rootObject = 113D017D21B8829900C27126 /* Project object */;
}
